
Microsoft Visual Studio Solution File, Format Version 12.00
# Visual Studio Version 16
VisualStudioVersion = 16.0.30011.22
MinimumVisualStudioVersion = 10.0.40219.1
Project("{FAE04EC0-301F-11D3-BF4B-00C04F79EFBC}") = "D30_Metot_Ornekleri2", "D30_Metot_Ornekleri2\D30_Metot_Ornekleri2.csproj", "{40CC5E82-A3CC-418F-A43B-F972287AFCB1}"
EndProject
Global
	GlobalSection(SolutionConfigurationPlatforms) = preSolution
		Debug|Any CPU = Debug|Any CPU
		Release|Any CPU = Release|Any CPU
	EndGlobalSection
	GlobalSection(ProjectConfigurationPlatforms) = postSolution
		{40CC5E82-A3CC-418F-A43B-F972287AFCB1}.Debug|Any CPU.ActiveCfg = Debug|Any CPU
		{40CC5E82-A3CC-418F-A43B-F972287AFCB1}.Debug|Any CPU.Build.0 = Debug|Any CPU
		{40CC5E82-A3CC-418F-A43B-F972287AFCB1}.Release|Any CPU.ActiveCfg = Release|Any CPU
		{40CC5E82-A3CC-418F-A43B-F972287AFCB1}.Release|Any CPU.Build.0 = Release|Any CPU
	EndGlobalSection
	GlobalSection(SolutionProperties) = preSolution
		HideSolutionNode = FALSE
	EndGlobalSection
	GlobalSection(ExtensibilityGlobals) = postSolution
		SolutionGuid = {02AF822F-4DE1-40D9-ACCB-F801ADC5DCB9}
	EndGlobalSection
EndGlobal
